
Microsoft Visual Studio Solution File, Format Version 12.00
# Visual Studio 15
VisualStudioVersion = 15.0.27428.2015
MinimumVisualStudioVersion = 10.0.40219.1
Project("{9A19103F-16F7-4668-BE54-9A1E7A4F7556}") = "Singularity", "Singularity\Singularity.csproj", "{83CB49EE-53FD-43F6-A136-E688BAFA2148}"
EndProject
Project("{9A19103F-16F7-4668-BE54-9A1E7A4F7556}") = "Singularity.Test", "Singularity.Test\Singularity.Test.csproj", "{4FE77B0A-DA6B-4F00-A5E8-E66EB9EC1775}"
EndProject
Project("{9A19103F-16F7-4668-BE54-9A1E7A4F7556}") = "Singularity.Benchmark", "Singularity.Benchmark\Singularity.Benchmark.csproj", "{A6CEF3E9-C75E-48CB-90F4-21C99007C406}"
EndProject
Project("{9A19103F-16F7-4668-BE54-9A1E7A4F7556}") = "Singularity.Duality", "Duality\Source\Code\Singularity.Duality\Singularity.Duality.csproj", "{AFE883F3-72B4-4C7C-A1D1-44EDC09C8F6E}"
EndProject
Project("{2150E333-8FDC-42A3-9474-1A3956D46DE8}") = "Solution Items", "Solution Items", "{F07B1110-A580-458C-92DB-09A67CEF6CBA}"
	ProjectSection(SolutionItems) = preProject
		README.md = README.md
	EndProjectSection
EndProject
Project("{2150E333-8FDC-42A3-9474-1A3956D46DE8}") = "Examples", "Examples", "{45EDBBA9-9BFB-4B23-8A08-0A4AD26BE42A}"
EndProject
Project("{9A19103F-16F7-4668-BE54-9A1E7A4F7556}") = "Singularity.Duality.Examples", "Duality\Source\Code\Singularity.Duality.Examples\Singularity.Duality.Examples.csproj", "{DC6835B4-63D5-465A-9590-08544ABB2DDB}"
EndProject
Project("{2150E333-8FDC-42A3-9474-1A3956D46DE8}") = "CI", "CI", "{89675F4E-9165-406B-8CF0-F68A615B7EA8}"
	ProjectSection(SolutionItems) = preProject
		appveyor.yml = appveyor.yml
		GitVersion.yml = GitVersion.yml
		PublishCoverage.ps1 = PublishCoverage.ps1
		RunOpenCover.ps1 = RunOpenCover.ps1
	EndProjectSection
EndProject
Project("{2150E333-8FDC-42A3-9474-1A3956D46DE8}") = "Git", "Git", "{15197F05-E231-4B17-AD9C-402818E97CC8}"
	ProjectSection(SolutionItems) = preProject
		.gitattributes = .gitattributes
		.gitignore = .gitignore
	EndProjectSection
EndProject
Global
	GlobalSection(SolutionConfigurationPlatforms) = preSolution
		Debug|Any CPU = Debug|Any CPU
		Release|Any CPU = Release|Any CPU
		z_CI_config|Any CPU = z_CI_config|Any CPU
	EndGlobalSection
	GlobalSection(ProjectConfigurationPlatforms) = postSolution
		{83CB49EE-53FD-43F6-A136-E688BAFA2148}.Debug|Any CPU.ActiveCfg = Debug|Any CPU
		{83CB49EE-53FD-43F6-A136-E688BAFA2148}.Debug|Any CPU.Build.0 = Debug|Any CPU
		{83CB49EE-53FD-43F6-A136-E688BAFA2148}.Release|Any CPU.ActiveCfg = Release|Any CPU
		{83CB49EE-53FD-43F6-A136-E688BAFA2148}.Release|Any CPU.Build.0 = Release|Any CPU
		{83CB49EE-53FD-43F6-A136-E688BAFA2148}.z_CI_config|Any CPU.ActiveCfg = Release|Any CPU
		{83CB49EE-53FD-43F6-A136-E688BAFA2148}.z_CI_config|Any CPU.Build.0 = Release|Any CPU
		{4FE77B0A-DA6B-4F00-A5E8-E66EB9EC1775}.Debug|Any CPU.ActiveCfg = Debug|Any CPU
		{4FE77B0A-DA6B-4F00-A5E8-E66EB9EC1775}.Debug|Any CPU.Build.0 = Debug|Any CPU
		{4FE77B0A-DA6B-4F00-A5E8-E66EB9EC1775}.Release|Any CPU.ActiveCfg = Release|Any CPU
		{4FE77B0A-DA6B-4F00-A5E8-E66EB9EC1775}.Release|Any CPU.Build.0 = Release|Any CPU
		{4FE77B0A-DA6B-4F00-A5E8-E66EB9EC1775}.z_CI_config|Any CPU.ActiveCfg = Release|Any CPU
		{4FE77B0A-DA6B-4F00-A5E8-E66EB9EC1775}.z_CI_config|Any CPU.Build.0 = Release|Any CPU
		{A6CEF3E9-C75E-48CB-90F4-21C99007C406}.Debug|Any CPU.ActiveCfg = Debug|Any CPU
		{A6CEF3E9-C75E-48CB-90F4-21C99007C406}.Debug|Any CPU.Build.0 = Debug|Any CPU
		{A6CEF3E9-C75E-48CB-90F4-21C99007C406}.Release|Any CPU.ActiveCfg = Release|Any CPU
		{A6CEF3E9-C75E-48CB-90F4-21C99007C406}.Release|Any CPU.Build.0 = Release|Any CPU
		{A6CEF3E9-C75E-48CB-90F4-21C99007C406}.z_CI_config|Any CPU.ActiveCfg = Release|Any CPU
		{AFE883F3-72B4-4C7C-A1D1-44EDC09C8F6E}.Debug|Any CPU.ActiveCfg = Debug|Any CPU
		{AFE883F3-72B4-4C7C-A1D1-44EDC09C8F6E}.Debug|Any CPU.Build.0 = Debug|Any CPU
		{AFE883F3-72B4-4C7C-A1D1-44EDC09C8F6E}.Release|Any CPU.ActiveCfg = Release|Any CPU
		{AFE883F3-72B4-4C7C-A1D1-44EDC09C8F6E}.Release|Any CPU.Build.0 = Release|Any CPU
		{AFE883F3-72B4-4C7C-A1D1-44EDC09C8F6E}.z_CI_config|Any CPU.ActiveCfg = Release|Any CPU
		{AFE883F3-72B4-4C7C-A1D1-44EDC09C8F6E}.z_CI_config|Any CPU.Build.0 = Release|Any CPU
		{DC6835B4-63D5-465A-9590-08544ABB2DDB}.Debug|Any CPU.ActiveCfg = Debug|Any CPU
		{DC6835B4-63D5-465A-9590-08544ABB2DDB}.Debug|Any CPU.Build.0 = Debug|Any CPU
		{DC6835B4-63D5-465A-9590-08544ABB2DDB}.Release|Any CPU.ActiveCfg = Release|Any CPU
		{DC6835B4-63D5-465A-9590-08544ABB2DDB}.Release|Any CPU.Build.0 = Release|Any CPU
		{DC6835B4-63D5-465A-9590-08544ABB2DDB}.z_CI_config|Any CPU.ActiveCfg = Release|Any CPU
	EndGlobalSection
	GlobalSection(SolutionProperties) = preSolution
		HideSolutionNode = FALSE
	EndGlobalSection
	GlobalSection(NestedProjects) = preSolution
		{DC6835B4-63D5-465A-9590-08544ABB2DDB} = {45EDBBA9-9BFB-4B23-8A08-0A4AD26BE42A}
		{89675F4E-9165-406B-8CF0-F68A615B7EA8} = {F07B1110-A580-458C-92DB-09A67CEF6CBA}
		{15197F05-E231-4B17-AD9C-402818E97CC8} = {F07B1110-A580-458C-92DB-09A67CEF6CBA}
	EndGlobalSection
	GlobalSection(ExtensibilityGlobals) = postSolution
		SolutionGuid = {BD420494-AD08-423A-8393-09273048EF76}
	EndGlobalSection
EndGlobal
