
Microsoft Visual Studio Solution File, Format Version 12.00
# Visual Studio Version 16
VisualStudioVersion = 16.0.28711.60
MinimumVisualStudioVersion = 16.0.28711.60
Project("{9A19103F-16F7-4668-BE54-9A1E7A4F7556}") = "Singularity", "Singularity\Singularity.csproj", "{83CB49EE-53FD-43F6-A136-E688BAFA2148}"
EndProject
Project("{9A19103F-16F7-4668-BE54-9A1E7A4F7556}") = "Singularity.Test", "Tests\Singularity.Test\Singularity.Test.csproj", "{4FE77B0A-DA6B-4F00-A5E8-E66EB9EC1775}"
EndProject
Project("{9A19103F-16F7-4668-BE54-9A1E7A4F7556}") = "Singularity.Benchmark", "Singularity.Benchmark\Singularity.Benchmark.csproj", "{A6CEF3E9-C75E-48CB-90F4-21C99007C406}"
EndProject
Project("{9A19103F-16F7-4668-BE54-9A1E7A4F7556}") = "Singularity.Duality", "Duality\Source\Code\Singularity.Duality\Singularity.Duality.csproj", "{AFE883F3-72B4-4C7C-A1D1-44EDC09C8F6E}"
EndProject
Project("{2150E333-8FDC-42A3-9474-1A3956D46DE8}") = "Solution Items", "Solution Items", "{F07B1110-A580-458C-92DB-09A67CEF6CBA}"
	ProjectSection(SolutionItems) = preProject
		README.md = README.md
		Singularity.sln.DotSettings = Singularity.sln.DotSettings
	EndProjectSection
EndProject
Project("{2150E333-8FDC-42A3-9474-1A3956D46DE8}") = "Examples", "Examples", "{45EDBBA9-9BFB-4B23-8A08-0A4AD26BE42A}"
EndProject
Project("{9A19103F-16F7-4668-BE54-9A1E7A4F7556}") = "Singularity.Duality.Examples", "Duality\Source\Code\Singularity.Duality.Examples\Singularity.Duality.Examples.csproj", "{DC6835B4-63D5-465A-9590-08544ABB2DDB}"
EndProject
Project("{2150E333-8FDC-42A3-9474-1A3956D46DE8}") = "Git", "Git", "{15197F05-E231-4B17-AD9C-402818E97CC8}"
	ProjectSection(SolutionItems) = preProject
		.gitattributes = .gitattributes
		.gitignore = .gitignore
	EndProjectSection
EndProject
Project("{9A19103F-16F7-4668-BE54-9A1E7A4F7556}") = "Singularity.Duality.Test", "Tests\Singularity.Duality.Test\Singularity.Duality.Test.csproj", "{403EA696-4514-4B11-80DE-216A4FA1A7E1}"
EndProject
Project("{2150E333-8FDC-42A3-9474-1A3956D46DE8}") = "Tests", "Tests", "{2C762633-E965-4223-94D4-B66EB384AF27}"
EndProject
Project("{2150E333-8FDC-42A3-9474-1A3956D46DE8}") = "Benchmarks", "Benchmarks", "{3B36A153-A0C6-4B5E-A8FD-D9B8F5471834}"
EndProject
Project("{9A19103F-16F7-4668-BE54-9A1E7A4F7556}") = "Singularity.TestClasses", "Tests\Singularity.TestClasses\Singularity.TestClasses.csproj", "{95E46EE0-5C12-4096-B6D6-5B1BC0D33806}"
EndProject
Project("{9A19103F-16F7-4668-BE54-9A1E7A4F7556}") = "Singularity.Microsoft.DependencyInjection", "Singularity.Microsoft.DependencyInjection\Singularity.Microsoft.DependencyInjection.csproj", "{F1C57017-0D80-4CDF-B68C-BA2C3855179E}"
EndProject
Project("{9A19103F-16F7-4668-BE54-9A1E7A4F7556}") = "Singularity.Microsoft.DependencyInjection.Test", "Tests\Singularity.Microsoft.DependencyInjection.Test\Singularity.Microsoft.DependencyInjection.Test.csproj", "{FE121F03-31B6-4B21-A396-A26D62850D8A}"
EndProject
Project("{9A19103F-16F7-4668-BE54-9A1E7A4F7556}") = "_build", "..\_build\_build.csproj", "{631020B5-A29B-40D3-86C1-BB63C67900F4}"
EndProject
Global
	GlobalSection(SolutionConfigurationPlatforms) = preSolution
		Debug|Any CPU = Debug|Any CPU
		Release|Any CPU = Release|Any CPU
		z_CI_config|Any CPU = z_CI_config|Any CPU
	EndGlobalSection
	GlobalSection(ProjectConfigurationPlatforms) = postSolution
		{83CB49EE-53FD-43F6-A136-E688BAFA2148}.Debug|Any CPU.ActiveCfg = Debug|Any CPU
		{83CB49EE-53FD-43F6-A136-E688BAFA2148}.Debug|Any CPU.Build.0 = Debug|Any CPU
		{83CB49EE-53FD-43F6-A136-E688BAFA2148}.Release|Any CPU.ActiveCfg = Release|Any CPU
		{83CB49EE-53FD-43F6-A136-E688BAFA2148}.Release|Any CPU.Build.0 = Release|Any CPU
		{83CB49EE-53FD-43F6-A136-E688BAFA2148}.z_CI_config|Any CPU.ActiveCfg = z_CI_config|Any CPU
		{83CB49EE-53FD-43F6-A136-E688BAFA2148}.z_CI_config|Any CPU.Build.0 = z_CI_config|Any CPU
		{4FE77B0A-DA6B-4F00-A5E8-E66EB9EC1775}.Debug|Any CPU.ActiveCfg = Debug|Any CPU
		{4FE77B0A-DA6B-4F00-A5E8-E66EB9EC1775}.Debug|Any CPU.Build.0 = Debug|Any CPU
		{4FE77B0A-DA6B-4F00-A5E8-E66EB9EC1775}.Release|Any CPU.ActiveCfg = Release|Any CPU
		{4FE77B0A-DA6B-4F00-A5E8-E66EB9EC1775}.Release|Any CPU.Build.0 = Release|Any CPU
		{4FE77B0A-DA6B-4F00-A5E8-E66EB9EC1775}.z_CI_config|Any CPU.ActiveCfg = z_CI_config|Any CPU
		{4FE77B0A-DA6B-4F00-A5E8-E66EB9EC1775}.z_CI_config|Any CPU.Build.0 = z_CI_config|Any CPU
		{A6CEF3E9-C75E-48CB-90F4-21C99007C406}.Debug|Any CPU.ActiveCfg = Debug|Any CPU
		{A6CEF3E9-C75E-48CB-90F4-21C99007C406}.Debug|Any CPU.Build.0 = Debug|Any CPU
		{A6CEF3E9-C75E-48CB-90F4-21C99007C406}.Release|Any CPU.ActiveCfg = Release|Any CPU
		{A6CEF3E9-C75E-48CB-90F4-21C99007C406}.Release|Any CPU.Build.0 = Release|Any CPU
		{A6CEF3E9-C75E-48CB-90F4-21C99007C406}.z_CI_config|Any CPU.ActiveCfg = Release|Any CPU
		{AFE883F3-72B4-4C7C-A1D1-44EDC09C8F6E}.Debug|Any CPU.ActiveCfg = Debug|Any CPU
		{AFE883F3-72B4-4C7C-A1D1-44EDC09C8F6E}.Debug|Any CPU.Build.0 = Debug|Any CPU
		{AFE883F3-72B4-4C7C-A1D1-44EDC09C8F6E}.Release|Any CPU.ActiveCfg = Release|Any CPU
		{AFE883F3-72B4-4C7C-A1D1-44EDC09C8F6E}.Release|Any CPU.Build.0 = Release|Any CPU
		{AFE883F3-72B4-4C7C-A1D1-44EDC09C8F6E}.z_CI_config|Any CPU.ActiveCfg = z_CI_config|Any CPU
		{AFE883F3-72B4-4C7C-A1D1-44EDC09C8F6E}.z_CI_config|Any CPU.Build.0 = z_CI_config|Any CPU
		{DC6835B4-63D5-465A-9590-08544ABB2DDB}.Debug|Any CPU.ActiveCfg = Debug|Any CPU
		{DC6835B4-63D5-465A-9590-08544ABB2DDB}.Debug|Any CPU.Build.0 = Debug|Any CPU
		{DC6835B4-63D5-465A-9590-08544ABB2DDB}.Release|Any CPU.ActiveCfg = Release|Any CPU
		{DC6835B4-63D5-465A-9590-08544ABB2DDB}.Release|Any CPU.Build.0 = Release|Any CPU
		{DC6835B4-63D5-465A-9590-08544ABB2DDB}.z_CI_config|Any CPU.ActiveCfg = Release|Any CPU
		{403EA696-4514-4B11-80DE-216A4FA1A7E1}.Debug|Any CPU.ActiveCfg = Debug|Any CPU
		{403EA696-4514-4B11-80DE-216A4FA1A7E1}.Debug|Any CPU.Build.0 = Debug|Any CPU
		{403EA696-4514-4B11-80DE-216A4FA1A7E1}.Release|Any CPU.ActiveCfg = Release|Any CPU
		{403EA696-4514-4B11-80DE-216A4FA1A7E1}.Release|Any CPU.Build.0 = Release|Any CPU
		{403EA696-4514-4B11-80DE-216A4FA1A7E1}.z_CI_config|Any CPU.ActiveCfg = z_CI_config|Any CPU
		{403EA696-4514-4B11-80DE-216A4FA1A7E1}.z_CI_config|Any CPU.Build.0 = z_CI_config|Any CPU
		{95E46EE0-5C12-4096-B6D6-5B1BC0D33806}.Debug|Any CPU.ActiveCfg = Debug|Any CPU
		{95E46EE0-5C12-4096-B6D6-5B1BC0D33806}.Debug|Any CPU.Build.0 = Debug|Any CPU
		{95E46EE0-5C12-4096-B6D6-5B1BC0D33806}.Release|Any CPU.ActiveCfg = Release|Any CPU
		{95E46EE0-5C12-4096-B6D6-5B1BC0D33806}.Release|Any CPU.Build.0 = Release|Any CPU
		{95E46EE0-5C12-4096-B6D6-5B1BC0D33806}.z_CI_config|Any CPU.ActiveCfg = Debug|Any CPU
		{95E46EE0-5C12-4096-B6D6-5B1BC0D33806}.z_CI_config|Any CPU.Build.0 = Debug|Any CPU
		{F1C57017-0D80-4CDF-B68C-BA2C3855179E}.Debug|Any CPU.ActiveCfg = Debug|Any CPU
		{F1C57017-0D80-4CDF-B68C-BA2C3855179E}.Debug|Any CPU.Build.0 = Debug|Any CPU
		{F1C57017-0D80-4CDF-B68C-BA2C3855179E}.Release|Any CPU.ActiveCfg = Release|Any CPU
		{F1C57017-0D80-4CDF-B68C-BA2C3855179E}.Release|Any CPU.Build.0 = Release|Any CPU
		{F1C57017-0D80-4CDF-B68C-BA2C3855179E}.z_CI_config|Any CPU.ActiveCfg = Debug|Any CPU
		{F1C57017-0D80-4CDF-B68C-BA2C3855179E}.z_CI_config|Any CPU.Build.0 = Debug|Any CPU
		{FE121F03-31B6-4B21-A396-A26D62850D8A}.Debug|Any CPU.ActiveCfg = Debug|Any CPU
		{FE121F03-31B6-4B21-A396-A26D62850D8A}.Debug|Any CPU.Build.0 = Debug|Any CPU
		{FE121F03-31B6-4B21-A396-A26D62850D8A}.Release|Any CPU.ActiveCfg = Release|Any CPU
		{FE121F03-31B6-4B21-A396-A26D62850D8A}.Release|Any CPU.Build.0 = Release|Any CPU
		{FE121F03-31B6-4B21-A396-A26D62850D8A}.z_CI_config|Any CPU.ActiveCfg = z_CI_config|Any CPU
		{FE121F03-31B6-4B21-A396-A26D62850D8A}.z_CI_config|Any CPU.Build.0 = z_CI_config|Any CPU
		{631020B5-A29B-40D3-86C1-BB63C67900F4}.Debug|Any CPU.ActiveCfg = Debug|Any CPU
		{631020B5-A29B-40D3-86C1-BB63C67900F4}.Release|Any CPU.ActiveCfg = Release|Any CPU
		{631020B5-A29B-40D3-86C1-BB63C67900F4}.z_CI_config|Any CPU.ActiveCfg = Release|Any CPU
	EndGlobalSection
	GlobalSection(SolutionProperties) = preSolution
		HideSolutionNode = FALSE
	EndGlobalSection
	GlobalSection(NestedProjects) = preSolution
		{4FE77B0A-DA6B-4F00-A5E8-E66EB9EC1775} = {2C762633-E965-4223-94D4-B66EB384AF27}
		{A6CEF3E9-C75E-48CB-90F4-21C99007C406} = {3B36A153-A0C6-4B5E-A8FD-D9B8F5471834}
		{DC6835B4-63D5-465A-9590-08544ABB2DDB} = {45EDBBA9-9BFB-4B23-8A08-0A4AD26BE42A}
		{15197F05-E231-4B17-AD9C-402818E97CC8} = {F07B1110-A580-458C-92DB-09A67CEF6CBA}
		{403EA696-4514-4B11-80DE-216A4FA1A7E1} = {2C762633-E965-4223-94D4-B66EB384AF27}
		{3B36A153-A0C6-4B5E-A8FD-D9B8F5471834} = {2C762633-E965-4223-94D4-B66EB384AF27}
		{95E46EE0-5C12-4096-B6D6-5B1BC0D33806} = {2C762633-E965-4223-94D4-B66EB384AF27}
		{FE121F03-31B6-4B21-A396-A26D62850D8A} = {2C762633-E965-4223-94D4-B66EB384AF27}
	EndGlobalSection
	GlobalSection(ExtensibilityGlobals) = postSolution
		SolutionGuid = {BD420494-AD08-423A-8393-09273048EF76}
	EndGlobalSection
EndGlobal
